
Microsoft Visual Studio Solution File, Format Version 12.00
# Visual Studio Version 17
VisualStudioVersion = 17.0.32112.339
MinimumVisualStudioVersion = 10.0.40219.1
Project("{FAE04EC0-301F-11D3-BF4B-00C04F79EFBC}") = "Rasheed LSTM", "ConsoleApp1\Rasheed LSTM.csproj", "{66ED7078-9036-41EF-9EF2-02778291FCA7}"
EndProject
Global
	GlobalSection(SolutionConfigurationPlatforms) = preSolution
		Debug|Any CPU = Debug|Any CPU
		Release|Any CPU = Release|Any CPU
	EndGlobalSection
	GlobalSection(ProjectConfigurationPlatforms) = postSolution
		{66ED7078-9036-41EF-9EF2-02778291FCA7}.Debug|Any CPU.ActiveCfg = Debug|Any CPU
		{66ED7078-9036-41EF-9EF2-02778291FCA7}.Debug|Any CPU.Build.0 = Debug|Any CPU
		{66ED7078-9036-41EF-9EF2-02778291FCA7}.Release|Any CPU.ActiveCfg = Release|Any CPU
		{66ED7078-9036-41EF-9EF2-02778291FCA7}.Release|Any CPU.Build.0 = Release|Any CPU
	EndGlobalSection
	GlobalSection(SolutionProperties) = preSolution
		HideSolutionNode = FALSE
	EndGlobalSection
	GlobalSection(ExtensibilityGlobals) = postSolution
		SolutionGuid = {32E38F1C-0B54-4A01-8AB8-B02203D9796D}
	EndGlobalSection
EndGlobal
